// !$*UTF8*$!
{
	archiveVersion = 1;
	classes = {
	};
	objectVersion = 46;
	objects = {

/* Begin PBXBuildFile section */
		4346EFAD1BD9799F0066CD46 /* ArrayLoader.h in Headers */ = {isa = PBXBuildFile; fileRef = 4346EFAC1BD9799F0066CD46 /* ArrayLoader.h */; settings = {ATTRIBUTES = (Public, ); }; };
		4346EFB41BD9799F0066CD46 /* ArrayLoader.framework in Frameworks */ = {isa = PBXBuildFile; fileRef = 4346EFA91BD9799F0066CD46 /* ArrayLoader.framework */; };
		4346EFC91BD97B2E0066CD46 /* ReactiveCocoa.framework in Frameworks */ = {isa = PBXBuildFile; fileRef = 4346EFC41BD97B1C0066CD46 /* ReactiveCocoa.framework */; };
		4346EFCA1BD97B2E0066CD46 /* Result.framework in Frameworks */ = {isa = PBXBuildFile; fileRef = 4346EFC61BD97B1C0066CD46 /* Result.framework */; };
		4346EFCB1BD97B330066CD46 /* ReactiveCocoa.framework in Frameworks */ = {isa = PBXBuildFile; fileRef = 4346EFC41BD97B1C0066CD46 /* ReactiveCocoa.framework */; };
		4346EFCC1BD97B330066CD46 /* Result.framework in Frameworks */ = {isa = PBXBuildFile; fileRef = 4346EFC61BD97B1C0066CD46 /* Result.framework */; };
		4346EFCE1BD97B3B0066CD46 /* ReactiveCocoa.framework in CopyFiles */ = {isa = PBXBuildFile; fileRef = 4346EFC41BD97B1C0066CD46 /* ReactiveCocoa.framework */; settings = {ATTRIBUTES = (CodeSignOnCopy, RemoveHeadersOnCopy, ); }; };
		4346EFCF1BD97B400066CD46 /* Result.framework in CopyFiles */ = {isa = PBXBuildFile; fileRef = 4346EFC61BD97B1C0066CD46 /* Result.framework */; settings = {ATTRIBUTES = (CodeSignOnCopy, RemoveHeadersOnCopy, ); }; };
		4346EFD11BD97BC80066CD46 /* ArrayLoader.swift in Sources */ = {isa = PBXBuildFile; fileRef = 4346EFD01BD97BC80066CD46 /* ArrayLoader.swift */; };
		4346EFD31BD97D210066CD46 /* LoadRequest.swift in Sources */ = {isa = PBXBuildFile; fileRef = 4346EFD21BD97D210066CD46 /* LoadRequest.swift */; };
		4346EFD51BD9807B0066CD46 /* PageState.swift in Sources */ = {isa = PBXBuildFile; fileRef = 4346EFD41BD9807B0066CD46 /* PageState.swift */; };
		4346EFD71BD982C00066CD46 /* PageStateTests.swift in Sources */ = {isa = PBXBuildFile; fileRef = 4346EFD61BD982C00066CD46 /* PageStateTests.swift */; };
		4346EFD91BD987DF0066CD46 /* LoaderState.swift in Sources */ = {isa = PBXBuildFile; fileRef = 4346EFD81BD987DF0066CD46 /* LoaderState.swift */; };
		4346EFDD1BD98D760066CD46 /* LoadResult.swift in Sources */ = {isa = PBXBuildFile; fileRef = 4346EFDC1BD98D760066CD46 /* LoadResult.swift */; };
		437FDEEB1BF56C7300A2A73E /* ArrayLoader.framework in Frameworks */ = {isa = PBXBuildFile; fileRef = 437FDEE11BF56C7300A2A73E /* ArrayLoader.framework */; };
		437FDEF81BF56CE900A2A73E /* ArrayLoaderTests.swift in Sources */ = {isa = PBXBuildFile; fileRef = 43D93A151BF5143C0089D999 /* ArrayLoaderTests.swift */; };
		437FDEF91BF56CE900A2A73E /* AnyArrayLoaderTests.swift in Sources */ = {isa = PBXBuildFile; fileRef = 43D93A0B1BF5015A0089D999 /* AnyArrayLoaderTests.swift */; };
		437FDEFA1BF56CE900A2A73E /* StaticArrayLoaderTests.swift in Sources */ = {isa = PBXBuildFile; fileRef = 43D93A0D1BF506570089D999 /* StaticArrayLoaderTests.swift */; };
		437FDEFB1BF56CE900A2A73E /* ResultArrayLoaderTests.swift in Sources */ = {isa = PBXBuildFile; fileRef = 43D93A191BF526C30089D999 /* ResultArrayLoaderTests.swift */; };
		437FDEFC1BF56CE900A2A73E /* LoaderStateTests.swift in Sources */ = {isa = PBXBuildFile; fileRef = 43D93A0F1BF511930089D999 /* LoaderStateTests.swift */; };
		437FDEFD1BF56CE900A2A73E /* PageStateTests.swift in Sources */ = {isa = PBXBuildFile; fileRef = 4346EFD61BD982C00066CD46 /* PageStateTests.swift */; };
		437FDEFE1BF56CED00A2A73E /* EmptyInfo.swift in Sources */ = {isa = PBXBuildFile; fileRef = 43D93A1B1BF542E70089D999 /* EmptyInfo.swift */; };
		437FDEFF1BF56CED00A2A73E /* Mutation.swift in Sources */ = {isa = PBXBuildFile; fileRef = 43D93A1D1BF54B570089D999 /* Mutation.swift */; };
		437FDF001BF56CED00A2A73E /* LoadRequest.swift in Sources */ = {isa = PBXBuildFile; fileRef = 4346EFD21BD97D210066CD46 /* LoadRequest.swift */; };
		437FDF011BF56CED00A2A73E /* LoadResult.swift in Sources */ = {isa = PBXBuildFile; fileRef = 4346EFDC1BD98D760066CD46 /* LoadResult.swift */; };
		437FDF021BF56CF200A2A73E /* ArrayLoader.swift in Sources */ = {isa = PBXBuildFile; fileRef = 4346EFD01BD97BC80066CD46 /* ArrayLoader.swift */; };
		437FDF031BF56CF200A2A73E /* AnyArrayLoader.swift in Sources */ = {isa = PBXBuildFile; fileRef = 43D93A021BF4E8980089D999 /* AnyArrayLoader.swift */; };
		437FDF041BF56CF200A2A73E /* ResultArrayLoader.swift in Sources */ = {isa = PBXBuildFile; fileRef = 43D93A171BF520CB0089D999 /* ResultArrayLoader.swift */; };
		437FDF051BF56CF200A2A73E /* StaticArrayLoader.swift in Sources */ = {isa = PBXBuildFile; fileRef = 43D93A091BF5004B0089D999 /* StaticArrayLoader.swift */; };
		437FDF061BF56CF200A2A73E /* StrategyArrayLoader.swift in Sources */ = {isa = PBXBuildFile; fileRef = 43D93A041BF4E8A30089D999 /* StrategyArrayLoader.swift */; };
		437FDF071BF56CF200A2A73E /* DerivedProperty.swift in Sources */ = {isa = PBXBuildFile; fileRef = 43D93A1F1BF558EB0089D999 /* DerivedProperty.swift */; };
		437FDF081BF56CF200A2A73E /* LoaderState.swift in Sources */ = {isa = PBXBuildFile; fileRef = 4346EFD81BD987DF0066CD46 /* LoaderState.swift */; };
		437FDF091BF56CF200A2A73E /* PageState.swift in Sources */ = {isa = PBXBuildFile; fileRef = 4346EFD41BD9807B0066CD46 /* PageState.swift */; };
		437FDF0A1BF56CF500A2A73E /* ArrayLoader.h in Headers */ = {isa = PBXBuildFile; fileRef = 4346EFAC1BD9799F0066CD46 /* ArrayLoader.h */; settings = {ATTRIBUTES = (Public, ); }; };
		437FDF0E1BF56D4900A2A73E /* ReactiveCocoa.framework in Frameworks */ = {isa = PBXBuildFile; fileRef = 437FDF0C1BF56D4900A2A73E /* ReactiveCocoa.framework */; };
		437FDF0F1BF56D4900A2A73E /* Result.framework in Frameworks */ = {isa = PBXBuildFile; fileRef = 437FDF0D1BF56D4900A2A73E /* Result.framework */; };
		437FDF151BF56D8900A2A73E /* ReactiveCocoa.framework in Frameworks */ = {isa = PBXBuildFile; fileRef = 437FDF0C1BF56D4900A2A73E /* ReactiveCocoa.framework */; };
		437FDF161BF56D8900A2A73E /* Result.framework in Frameworks */ = {isa = PBXBuildFile; fileRef = 437FDF0D1BF56D4900A2A73E /* Result.framework */; };
		437FDF171BF56D8C00A2A73E /* ReactiveCocoa.framework in CopyFiles */ = {isa = PBXBuildFile; fileRef = 437FDF0C1BF56D4900A2A73E /* ReactiveCocoa.framework */; settings = {ATTRIBUTES = (CodeSignOnCopy, RemoveHeadersOnCopy, ); }; };
		437FDF181BF56D8C00A2A73E /* Result.framework in CopyFiles */ = {isa = PBXBuildFile; fileRef = 437FDF0D1BF56D4900A2A73E /* Result.framework */; settings = {ATTRIBUTES = (CodeSignOnCopy, RemoveHeadersOnCopy, ); }; };
		43D93A031BF4E8990089D999 /* AnyArrayLoader.swift in Sources */ = {isa = PBXBuildFile; fileRef = 43D93A021BF4E8980089D999 /* AnyArrayLoader.swift */; };
		43D93A051BF4E8A30089D999 /* StrategyArrayLoader.swift in Sources */ = {isa = PBXBuildFile; fileRef = 43D93A041BF4E8A30089D999 /* StrategyArrayLoader.swift */; };
		43D93A0A1BF5004B0089D999 /* StaticArrayLoader.swift in Sources */ = {isa = PBXBuildFile; fileRef = 43D93A091BF5004B0089D999 /* StaticArrayLoader.swift */; };
		43D93A0C1BF5015A0089D999 /* AnyArrayLoaderTests.swift in Sources */ = {isa = PBXBuildFile; fileRef = 43D93A0B1BF5015A0089D999 /* AnyArrayLoaderTests.swift */; };
		43D93A0E1BF506570089D999 /* StaticArrayLoaderTests.swift in Sources */ = {isa = PBXBuildFile; fileRef = 43D93A0D1BF506570089D999 /* StaticArrayLoaderTests.swift */; };
		43D93A101BF511930089D999 /* LoaderStateTests.swift in Sources */ = {isa = PBXBuildFile; fileRef = 43D93A0F1BF511930089D999 /* LoaderStateTests.swift */; };
		43D93A161BF5143C0089D999 /* ArrayLoaderTests.swift in Sources */ = {isa = PBXBuildFile; fileRef = 43D93A151BF5143C0089D999 /* ArrayLoaderTests.swift */; };
		43D93A181BF520CB0089D999 /* ResultArrayLoader.swift in Sources */ = {isa = PBXBuildFile; fileRef = 43D93A171BF520CB0089D999 /* ResultArrayLoader.swift */; };
		43D93A1A1BF526C30089D999 /* ResultArrayLoaderTests.swift in Sources */ = {isa = PBXBuildFile; fileRef = 43D93A191BF526C30089D999 /* ResultArrayLoaderTests.swift */; };
		43D93A1C1BF542E70089D999 /* EmptyInfo.swift in Sources */ = {isa = PBXBuildFile; fileRef = 43D93A1B1BF542E70089D999 /* EmptyInfo.swift */; };
		43D93A1E1BF54B570089D999 /* Mutation.swift in Sources */ = {isa = PBXBuildFile; fileRef = 43D93A1D1BF54B570089D999 /* Mutation.swift */; };
		43D93A201BF558EB0089D999 /* DerivedProperty.swift in Sources */ = {isa = PBXBuildFile; fileRef = 43D93A1F1BF558EB0089D999 /* DerivedProperty.swift */; };
/* End PBXBuildFile section */

/* Begin PBXContainerItemProxy section */
		4346EFB51BD9799F0066CD46 /* PBXContainerItemProxy */ = {
			isa = PBXContainerItemProxy;
			containerPortal = 4346EFA01BD9799F0066CD46 /* Project object */;
			proxyType = 1;
			remoteGlobalIDString = 4346EFA81BD9799F0066CD46;
			remoteInfo = ArrayLoader;
		};
		437FDEEC1BF56C7300A2A73E /* PBXContainerItemProxy */ = {
			isa = PBXContainerItemProxy;
			containerPortal = 4346EFA01BD9799F0066CD46 /* Project object */;
			proxyType = 1;
			remoteGlobalIDString = 437FDEE01BF56C7300A2A73E;
			remoteInfo = ArrayLoader;
		};
/* End PBXContainerItemProxy section */

/* Begin PBXCopyFilesBuildPhase section */
		4346EFCD1BD97B350066CD46 /* CopyFiles */ = {
			isa = PBXCopyFilesBuildPhase;
			buildActionMask = 2147483647;
			dstPath = "";
			dstSubfolderSpec = 10;
			files = (
				4346EFCE1BD97B3B0066CD46 /* ReactiveCocoa.framework in CopyFiles */,
				4346EFCF1BD97B400066CD46 /* Result.framework in CopyFiles */,
			);
			runOnlyForDeploymentPostprocessing = 0;
		};
		437FDF121BF56D6400A2A73E /* CopyFiles */ = {
			isa = PBXCopyFilesBuildPhase;
			buildActionMask = 2147483647;
			dstPath = "";
			dstSubfolderSpec = 10;
			files = (
				437FDF171BF56D8C00A2A73E /* ReactiveCocoa.framework in CopyFiles */,
				437FDF181BF56D8C00A2A73E /* Result.framework in CopyFiles */,
			);
			runOnlyForDeploymentPostprocessing = 0;
		};
/* End PBXCopyFilesBuildPhase section */

/* Begin PBXFileReference section */
		4346EFA91BD9799F0066CD46 /* ArrayLoader.framework */ = {isa = PBXFileReference; explicitFileType = wrapper.framework; includeInIndex = 0; path = ArrayLoader.framework; sourceTree = BUILT_PRODUCTS_DIR; };
		4346EFAC1BD9799F0066CD46 /* ArrayLoader.h */ = {isa = PBXFileReference; lastKnownFileType = sourcecode.c.h; path = ArrayLoader.h; sourceTree = "<group>"; };
		4346EFAE1BD9799F0066CD46 /* Info.plist */ = {isa = PBXFileReference; lastKnownFileType = text.plist.xml; path = Info.plist; sourceTree = "<group>"; };
		4346EFB31BD9799F0066CD46 /* ArrayLoader-OSXTests.xctest */ = {isa = PBXFileReference; explicitFileType = wrapper.cfbundle; includeInIndex = 0; path = "ArrayLoader-OSXTests.xctest"; sourceTree = BUILT_PRODUCTS_DIR; };
		4346EFBA1BD9799F0066CD46 /* Info.plist */ = {isa = PBXFileReference; lastKnownFileType = text.plist.xml; path = Info.plist; sourceTree = "<group>"; };
		4346EFC41BD97B1C0066CD46 /* ReactiveCocoa.framework */ = {isa = PBXFileReference; lastKnownFileType = wrapper.framework; path = ReactiveCocoa.framework; sourceTree = "<group>"; };
		4346EFC61BD97B1C0066CD46 /* Result.framework */ = {isa = PBXFileReference; lastKnownFileType = wrapper.framework; path = Result.framework; sourceTree = "<group>"; };
		4346EFD01BD97BC80066CD46 /* ArrayLoader.swift */ = {isa = PBXFileReference; fileEncoding = 4; lastKnownFileType = sourcecode.swift; path = ArrayLoader.swift; sourceTree = "<group>"; };
		4346EFD21BD97D210066CD46 /* LoadRequest.swift */ = {isa = PBXFileReference; fileEncoding = 4; lastKnownFileType = sourcecode.swift; path = LoadRequest.swift; sourceTree = "<group>"; };
		4346EFD41BD9807B0066CD46 /* PageState.swift */ = {isa = PBXFileReference; fileEncoding = 4; lastKnownFileType = sourcecode.swift; path = PageState.swift; sourceTree = "<group>"; };
		4346EFD61BD982C00066CD46 /* PageStateTests.swift */ = {isa = PBXFileReference; fileEncoding = 4; lastKnownFileType = sourcecode.swift; path = PageStateTests.swift; sourceTree = "<group>"; };
		4346EFD81BD987DF0066CD46 /* LoaderState.swift */ = {isa = PBXFileReference; fileEncoding = 4; lastKnownFileType = sourcecode.swift; path = LoaderState.swift; sourceTree = "<group>"; };
		4346EFDC1BD98D760066CD46 /* LoadResult.swift */ = {isa = PBXFileReference; fileEncoding = 4; lastKnownFileType = sourcecode.swift; path = LoadResult.swift; sourceTree = "<group>"; };
		437FDEE11BF56C7300A2A73E /* ArrayLoader.framework */ = {isa = PBXFileReference; explicitFileType = wrapper.framework; includeInIndex = 0; path = ArrayLoader.framework; sourceTree = BUILT_PRODUCTS_DIR; };
		437FDEEA1BF56C7300A2A73E /* ArrayLoader-iOSTests.xctest */ = {isa = PBXFileReference; explicitFileType = wrapper.cfbundle; includeInIndex = 0; path = "ArrayLoader-iOSTests.xctest"; sourceTree = BUILT_PRODUCTS_DIR; };
		437FDF0C1BF56D4900A2A73E /* ReactiveCocoa.framework */ = {isa = PBXFileReference; lastKnownFileType = wrapper.framework; name = ReactiveCocoa.framework; path = Carthage/Build/iOS/ReactiveCocoa.framework; sourceTree = "<group>"; };
		437FDF0D1BF56D4900A2A73E /* Result.framework */ = {isa = PBXFileReference; lastKnownFileType = wrapper.framework; name = Result.framework; path = Carthage/Build/iOS/Result.framework; sourceTree = "<group>"; };
		43D93A021BF4E8980089D999 /* AnyArrayLoader.swift */ = {isa = PBXFileReference; fileEncoding = 4; lastKnownFileType = sourcecode.swift; path = AnyArrayLoader.swift; sourceTree = "<group>"; };
		43D93A041BF4E8A30089D999 /* StrategyArrayLoader.swift */ = {isa = PBXFileReference; fileEncoding = 4; lastKnownFileType = sourcecode.swift; path = StrategyArrayLoader.swift; sourceTree = "<group>"; };
		43D93A091BF5004B0089D999 /* StaticArrayLoader.swift */ = {isa = PBXFileReference; fileEncoding = 4; lastKnownFileType = sourcecode.swift; path = StaticArrayLoader.swift; sourceTree = "<group>"; };
		43D93A0B1BF5015A0089D999 /* AnyArrayLoaderTests.swift */ = {isa = PBXFileReference; fileEncoding = 4; lastKnownFileType = sourcecode.swift; path = AnyArrayLoaderTests.swift; sourceTree = "<group>"; };
		43D93A0D1BF506570089D999 /* StaticArrayLoaderTests.swift */ = {isa = PBXFileReference; fileEncoding = 4; lastKnownFileType = sourcecode.swift; path = StaticArrayLoaderTests.swift; sourceTree = "<group>"; };
		43D93A0F1BF511930089D999 /* LoaderStateTests.swift */ = {isa = PBXFileReference; fileEncoding = 4; lastKnownFileType = sourcecode.swift; path = LoaderStateTests.swift; sourceTree = "<group>"; };
		43D93A151BF5143C0089D999 /* ArrayLoaderTests.swift */ = {isa = PBXFileReference; fileEncoding = 4; lastKnownFileType = sourcecode.swift; path = ArrayLoaderTests.swift; sourceTree = "<group>"; };
		43D93A171BF520CB0089D999 /* ResultArrayLoader.swift */ = {isa = PBXFileReference; fileEncoding = 4; lastKnownFileType = sourcecode.swift; path = ResultArrayLoader.swift; sourceTree = "<group>"; };
		43D93A191BF526C30089D999 /* ResultArrayLoaderTests.swift */ = {isa = PBXFileReference; fileEncoding = 4; lastKnownFileType = sourcecode.swift; path = ResultArrayLoaderTests.swift; sourceTree = "<group>"; };
		43D93A1B1BF542E70089D999 /* EmptyInfo.swift */ = {isa = PBXFileReference; fileEncoding = 4; lastKnownFileType = sourcecode.swift; path = EmptyInfo.swift; sourceTree = "<group>"; };
		43D93A1D1BF54B570089D999 /* Mutation.swift */ = {isa = PBXFileReference; fileEncoding = 4; lastKnownFileType = sourcecode.swift; path = Mutation.swift; sourceTree = "<group>"; };
		43D93A1F1BF558EB0089D999 /* DerivedProperty.swift */ = {isa = PBXFileReference; fileEncoding = 4; lastKnownFileType = sourcecode.swift; path = DerivedProperty.swift; sourceTree = "<group>"; };
/* End PBXFileReference section */

/* Begin PBXFrameworksBuildPhase section */
		4346EFA51BD9799F0066CD46 /* Frameworks */ = {
			isa = PBXFrameworksBuildPhase;
			buildActionMask = 2147483647;
			files = (
				4346EFC91BD97B2E0066CD46 /* ReactiveCocoa.framework in Frameworks */,
				4346EFCA1BD97B2E0066CD46 /* Result.framework in Frameworks */,
			);
			runOnlyForDeploymentPostprocessing = 0;
		};
		4346EFB01BD9799F0066CD46 /* Frameworks */ = {
			isa = PBXFrameworksBuildPhase;
			buildActionMask = 2147483647;
			files = (
				4346EFB41BD9799F0066CD46 /* ArrayLoader.framework in Frameworks */,
				4346EFCB1BD97B330066CD46 /* ReactiveCocoa.framework in Frameworks */,
				4346EFCC1BD97B330066CD46 /* Result.framework in Frameworks */,
			);
			runOnlyForDeploymentPostprocessing = 0;
		};
		437FDEDD1BF56C7300A2A73E /* Frameworks */ = {
			isa = PBXFrameworksBuildPhase;
			buildActionMask = 2147483647;
			files = (
				437FDF0E1BF56D4900A2A73E /* ReactiveCocoa.framework in Frameworks */,
				437FDF0F1BF56D4900A2A73E /* Result.framework in Frameworks */,
			);
			runOnlyForDeploymentPostprocessing = 0;
		};
		437FDEE71BF56C7300A2A73E /* Frameworks */ = {
			isa = PBXFrameworksBuildPhase;
			buildActionMask = 2147483647;
			files = (
				437FDEEB1BF56C7300A2A73E /* ArrayLoader.framework in Frameworks */,
				437FDF151BF56D8900A2A73E /* ReactiveCocoa.framework in Frameworks */,
				437FDF161BF56D8900A2A73E /* Result.framework in Frameworks */,
			);
			runOnlyForDeploymentPostprocessing = 0;
		};
/* End PBXFrameworksBuildPhase section */

/* Begin PBXGroup section */
		4346EF9F1BD9799F0066CD46 = {
			isa = PBXGroup;
			children = (
				4346EFAB1BD9799F0066CD46 /* ArrayLoader */,
				4346EFB71BD9799F0066CD46 /* ArrayLoaderTests */,
				4346EFAA1BD9799F0066CD46 /* Products */,
				4346EFC81BD97B230066CD46 /* Frameworks */,
			);
			sourceTree = "<group>";
		};
		4346EFAA1BD9799F0066CD46 /* Products */ = {
			isa = PBXGroup;
			children = (
				4346EFA91BD9799F0066CD46 /* ArrayLoader.framework */,
				4346EFB31BD9799F0066CD46 /* ArrayLoader-OSXTests.xctest */,
				437FDEE11BF56C7300A2A73E /* ArrayLoader.framework */,
				437FDEEA1BF56C7300A2A73E /* ArrayLoader-iOSTests.xctest */,
			);
			name = Products;
			sourceTree = "<group>";
		};
		4346EFAB1BD9799F0066CD46 /* ArrayLoader */ = {
			isa = PBXGroup;
			children = (
				4346EFAC1BD9799F0066CD46 /* ArrayLoader.h */,
				43D93A061BF4E8A90089D999 /* Array Loaders */,
				43D93A111BF513F00089D999 /* Array Loader Data */,
				43D93A121BF513F70089D999 /* Strategy Array Loader Data */,
				4346EFAE1BD9799F0066CD46 /* Info.plist */,
			);
			path = ArrayLoader;
			sourceTree = "<group>";
		};
		4346EFB71BD9799F0066CD46 /* ArrayLoaderTests */ = {
			isa = PBXGroup;
			children = (
				43D93A141BF514150089D999 /* Array Loaders */,
				43D93A131BF514020089D999 /* Array Loader Data */,
				4346EFBA1BD9799F0066CD46 /* Info.plist */,
			);
			path = ArrayLoaderTests;
			sourceTree = "<group>";
		};
		4346EFC31BD97B1C0066CD46 /* Mac */ = {
			isa = PBXGroup;
			children = (
				4346EFC41BD97B1C0066CD46 /* ReactiveCocoa.framework */,
				4346EFC61BD97B1C0066CD46 /* Result.framework */,
			);
			name = Mac;
			path = Carthage/Build/Mac;
			sourceTree = "<group>";
		};
		4346EFC81BD97B230066CD46 /* Frameworks */ = {
			isa = PBXGroup;
			children = (
				437FDF0B1BF56D3400A2A73E /* iOS */,
				4346EFC31BD97B1C0066CD46 /* Mac */,
			);
			name = Frameworks;
			sourceTree = "<group>";
		};
		437FDF0B1BF56D3400A2A73E /* iOS */ = {
			isa = PBXGroup;
			children = (
				437FDF0C1BF56D4900A2A73E /* ReactiveCocoa.framework */,
				437FDF0D1BF56D4900A2A73E /* Result.framework */,
			);
			name = iOS;
			sourceTree = "<group>";
		};
		43D93A061BF4E8A90089D999 /* Array Loaders */ = {
			isa = PBXGroup;
			children = (
				4346EFD01BD97BC80066CD46 /* ArrayLoader.swift */,
				43D93A021BF4E8980089D999 /* AnyArrayLoader.swift */,
				43D93A171BF520CB0089D999 /* ResultArrayLoader.swift */,
				43D93A091BF5004B0089D999 /* StaticArrayLoader.swift */,
				43D93A041BF4E8A30089D999 /* StrategyArrayLoader.swift */,
			);
			name = "Array Loaders";
			sourceTree = "<group>";
		};
		43D93A111BF513F00089D999 /* Array Loader Data */ = {
			isa = PBXGroup;
			children = (
				43D93A1F1BF558EB0089D999 /* DerivedProperty.swift */,
				4346EFD81BD987DF0066CD46 /* LoaderState.swift */,
				4346EFD41BD9807B0066CD46 /* PageState.swift */,
			);
			name = "Array Loader Data";
			sourceTree = "<group>";
		};
		43D93A121BF513F70089D999 /* Strategy Array Loader Data */ = {
			isa = PBXGroup;
			children = (
				43D93A1B1BF542E70089D999 /* EmptyInfo.swift */,
				43D93A1D1BF54B570089D999 /* Mutation.swift */,
				4346EFD21BD97D210066CD46 /* LoadRequest.swift */,
				4346EFDC1BD98D760066CD46 /* LoadResult.swift */,
			);
			name = "Strategy Array Loader Data";
			sourceTree = "<group>";
		};
		43D93A131BF514020089D999 /* Array Loader Data */ = {
			isa = PBXGroup;
			children = (
				43D93A0F1BF511930089D999 /* LoaderStateTests.swift */,
				4346EFD61BD982C00066CD46 /* PageStateTests.swift */,
			);
			name = "Array Loader Data";
			sourceTree = "<group>";
		};
		43D93A141BF514150089D999 /* Array Loaders */ = {
			isa = PBXGroup;
			children = (
				43D93A151BF5143C0089D999 /* ArrayLoaderTests.swift */,
				43D93A0B1BF5015A0089D999 /* AnyArrayLoaderTests.swift */,
				43D93A0D1BF506570089D999 /* StaticArrayLoaderTests.swift */,
				43D93A191BF526C30089D999 /* ResultArrayLoaderTests.swift */,
			);
			name = "Array Loaders";
			sourceTree = "<group>";
		};
/* End PBXGroup section */

/* Begin PBXHeadersBuildPhase section */
		4346EFA61BD9799F0066CD46 /* Headers */ = {
			isa = PBXHeadersBuildPhase;
			buildActionMask = 2147483647;
			files = (
				4346EFAD1BD9799F0066CD46 /* ArrayLoader.h in Headers */,
			);
			runOnlyForDeploymentPostprocessing = 0;
		};
		437FDEDE1BF56C7300A2A73E /* Headers */ = {
			isa = PBXHeadersBuildPhase;
			buildActionMask = 2147483647;
			files = (
				437FDF0A1BF56CF500A2A73E /* ArrayLoader.h in Headers */,
			);
			runOnlyForDeploymentPostprocessing = 0;
		};
/* End PBXHeadersBuildPhase section */

/* Begin PBXNativeTarget section */
		4346EFA81BD9799F0066CD46 /* ArrayLoader-OSX */ = {
			isa = PBXNativeTarget;
			buildConfigurationList = 4346EFBD1BD9799F0066CD46 /* Build configuration list for PBXNativeTarget "ArrayLoader-OSX" */;
			buildPhases = (
				4346EFA41BD9799F0066CD46 /* Sources */,
				4346EFA51BD9799F0066CD46 /* Frameworks */,
				4346EFA61BD9799F0066CD46 /* Headers */,
				4346EFA71BD9799F0066CD46 /* Resources */,
			);
			buildRules = (
			);
			dependencies = (
			);
			name = "ArrayLoader-OSX";
			productName = ArrayLoader;
			productReference = 4346EFA91BD9799F0066CD46 /* ArrayLoader.framework */;
			productType = "com.apple.product-type.framework";
		};
		4346EFB21BD9799F0066CD46 /* ArrayLoader-OSXTests */ = {
			isa = PBXNativeTarget;
			buildConfigurationList = 4346EFC01BD9799F0066CD46 /* Build configuration list for PBXNativeTarget "ArrayLoader-OSXTests" */;
			buildPhases = (
				4346EFAF1BD9799F0066CD46 /* Sources */,
				4346EFB01BD9799F0066CD46 /* Frameworks */,
				4346EFB11BD9799F0066CD46 /* Resources */,
				4346EFCD1BD97B350066CD46 /* CopyFiles */,
			);
			buildRules = (
			);
			dependencies = (
				4346EFB61BD9799F0066CD46 /* PBXTargetDependency */,
			);
			name = "ArrayLoader-OSXTests";
			productName = ArrayLoaderTests;
			productReference = 4346EFB31BD9799F0066CD46 /* ArrayLoader-OSXTests.xctest */;
			productType = "com.apple.product-type.bundle.unit-test";
		};
		437FDEE01BF56C7300A2A73E /* ArrayLoader-iOS */ = {
			isa = PBXNativeTarget;
			buildConfigurationList = 437FDEF61BF56C7400A2A73E /* Build configuration list for PBXNativeTarget "ArrayLoader-iOS" */;
			buildPhases = (
				437FDEDC1BF56C7300A2A73E /* Sources */,
				437FDEDD1BF56C7300A2A73E /* Frameworks */,
				437FDEDE1BF56C7300A2A73E /* Headers */,
				437FDEDF1BF56C7300A2A73E /* Resources */,
			);
			buildRules = (
			);
			dependencies = (
			);
			name = "ArrayLoader-iOS";
			productName = ArrayLoader;
			productReference = 437FDEE11BF56C7300A2A73E /* ArrayLoader.framework */;
			productType = "com.apple.product-type.framework";
		};
		437FDEE91BF56C7300A2A73E /* ArrayLoader-iOSTests */ = {
			isa = PBXNativeTarget;
			buildConfigurationList = 437FDEF71BF56C7400A2A73E /* Build configuration list for PBXNativeTarget "ArrayLoader-iOSTests" */;
			buildPhases = (
				437FDEE61BF56C7300A2A73E /* Sources */,
				437FDEE71BF56C7300A2A73E /* Frameworks */,
				437FDEE81BF56C7300A2A73E /* Resources */,
				437FDF121BF56D6400A2A73E /* CopyFiles */,
			);
			buildRules = (
			);
			dependencies = (
				437FDEED1BF56C7300A2A73E /* PBXTargetDependency */,
			);
			name = "ArrayLoader-iOSTests";
			productName = ArrayLoaderTests;
			productReference = 437FDEEA1BF56C7300A2A73E /* ArrayLoader-iOSTests.xctest */;
			productType = "com.apple.product-type.bundle.unit-test";
		};
/* End PBXNativeTarget section */

/* Begin PBXProject section */
		4346EFA01BD9799F0066CD46 /* Project object */ = {
			isa = PBXProject;
			attributes = {
				LastSwiftUpdateCheck = 0710;
				LastUpgradeCheck = 0710;
				ORGANIZATIONNAME = "Nate Stedman";
				TargetAttributes = {
					4346EFA81BD9799F0066CD46 = {
						CreatedOnToolsVersion = 7.1;
					};
					4346EFB21BD9799F0066CD46 = {
						CreatedOnToolsVersion = 7.1;
					};
					437FDEE01BF56C7300A2A73E = {
						CreatedOnToolsVersion = 7.1;
					};
					437FDEE91BF56C7300A2A73E = {
						CreatedOnToolsVersion = 7.1;
					};
				};
			};
			buildConfigurationList = 4346EFA31BD9799F0066CD46 /* Build configuration list for PBXProject "ArrayLoader" */;
			compatibilityVersion = "Xcode 3.2";
			developmentRegion = English;
			hasScannedForEncodings = 0;
			knownRegions = (
				en,
			);
			mainGroup = 4346EF9F1BD9799F0066CD46;
			productRefGroup = 4346EFAA1BD9799F0066CD46 /* Products */;
			projectDirPath = "";
			projectRoot = "";
			targets = (
				4346EFA81BD9799F0066CD46 /* ArrayLoader-OSX */,
				4346EFB21BD9799F0066CD46 /* ArrayLoader-OSXTests */,
				437FDEE01BF56C7300A2A73E /* ArrayLoader-iOS */,
				437FDEE91BF56C7300A2A73E /* ArrayLoader-iOSTests */,
			);
		};
/* End PBXProject section */

/* Begin PBXResourcesBuildPhase section */
		4346EFA71BD9799F0066CD46 /* Resources */ = {
			isa = PBXResourcesBuildPhase;
			buildActionMask = 2147483647;
			files = (
			);
			runOnlyForDeploymentPostprocessing = 0;
		};
		4346EFB11BD9799F0066CD46 /* Resources */ = {
			isa = PBXResourcesBuildPhase;
			buildActionMask = 2147483647;
			files = (
			);
			runOnlyForDeploymentPostprocessing = 0;
		};
		437FDEDF1BF56C7300A2A73E /* Resources */ = {
			isa = PBXResourcesBuildPhase;
			buildActionMask = 2147483647;
			files = (
			);
			runOnlyForDeploymentPostprocessing = 0;
		};
		437FDEE81BF56C7300A2A73E /* Resources */ = {
			isa = PBXResourcesBuildPhase;
			buildActionMask = 2147483647;
			files = (
			);
			runOnlyForDeploymentPostprocessing = 0;
		};
/* End PBXResourcesBuildPhase section */

/* Begin PBXSourcesBuildPhase section */
		4346EFA41BD9799F0066CD46 /* Sources */ = {
			isa = PBXSourcesBuildPhase;
			buildActionMask = 2147483647;
			files = (
				43D93A0A1BF5004B0089D999 /* StaticArrayLoader.swift in Sources */,
				4346EFDD1BD98D760066CD46 /* LoadResult.swift in Sources */,
				43D93A031BF4E8990089D999 /* AnyArrayLoader.swift in Sources */,
				43D93A201BF558EB0089D999 /* DerivedProperty.swift in Sources */,
				43D93A181BF520CB0089D999 /* ResultArrayLoader.swift in Sources */,
				4346EFD91BD987DF0066CD46 /* LoaderState.swift in Sources */,
				43D93A051BF4E8A30089D999 /* StrategyArrayLoader.swift in Sources */,
				43D93A1E1BF54B570089D999 /* Mutation.swift in Sources */,
				4346EFD51BD9807B0066CD46 /* PageState.swift in Sources */,
				4346EFD11BD97BC80066CD46 /* ArrayLoader.swift in Sources */,
				43D93A1C1BF542E70089D999 /* EmptyInfo.swift in Sources */,
				4346EFD31BD97D210066CD46 /* LoadRequest.swift in Sources */,
			);
			runOnlyForDeploymentPostprocessing = 0;
		};
		4346EFAF1BD9799F0066CD46 /* Sources */ = {
			isa = PBXSourcesBuildPhase;
			buildActionMask = 2147483647;
			files = (
				43D93A161BF5143C0089D999 /* ArrayLoaderTests.swift in Sources */,
				43D93A101BF511930089D999 /* LoaderStateTests.swift in Sources */,
				4346EFD71BD982C00066CD46 /* PageStateTests.swift in Sources */,
				43D93A0C1BF5015A0089D999 /* AnyArrayLoaderTests.swift in Sources */,
				43D93A0E1BF506570089D999 /* StaticArrayLoaderTests.swift in Sources */,
				43D93A1A1BF526C30089D999 /* ResultArrayLoaderTests.swift in Sources */,
			);
			runOnlyForDeploymentPostprocessing = 0;
		};
		437FDEDC1BF56C7300A2A73E /* Sources */ = {
			isa = PBXSourcesBuildPhase;
			buildActionMask = 2147483647;
			files = (
				437FDF091BF56CF200A2A73E /* PageState.swift in Sources */,
				437FDF051BF56CF200A2A73E /* StaticArrayLoader.swift in Sources */,
				437FDEFF1BF56CED00A2A73E /* Mutation.swift in Sources */,
				437FDF031BF56CF200A2A73E /* AnyArrayLoader.swift in Sources */,
				437FDF041BF56CF200A2A73E /* ResultArrayLoader.swift in Sources */,
				437FDF071BF56CF200A2A73E /* DerivedProperty.swift in Sources */,
				437FDF061BF56CF200A2A73E /* StrategyArrayLoader.swift in Sources */,
				437FDF081BF56CF200A2A73E /* LoaderState.swift in Sources */,
				437FDF001BF56CED00A2A73E /* LoadRequest.swift in Sources */,
				437FDF011BF56CED00A2A73E /* LoadResult.swift in Sources */,
				437FDEFE1BF56CED00A2A73E /* EmptyInfo.swift in Sources */,
				437FDF021BF56CF200A2A73E /* ArrayLoader.swift in Sources */,
			);
			runOnlyForDeploymentPostprocessing = 0;
		};
		437FDEE61BF56C7300A2A73E /* Sources */ = {
			isa = PBXSourcesBuildPhase;
			buildActionMask = 2147483647;
			files = (
				437FDEFA1BF56CE900A2A73E /* StaticArrayLoaderTests.swift in Sources */,
				437FDEFC1BF56CE900A2A73E /* LoaderStateTests.swift in Sources */,
				437FDEFD1BF56CE900A2A73E /* PageStateTests.swift in Sources */,
				437FDEF81BF56CE900A2A73E /* ArrayLoaderTests.swift in Sources */,
				437FDEF91BF56CE900A2A73E /* AnyArrayLoaderTests.swift in Sources */,
				437FDEFB1BF56CE900A2A73E /* ResultArrayLoaderTests.swift in Sources */,
			);
			runOnlyForDeploymentPostprocessing = 0;
		};
/* End PBXSourcesBuildPhase section */

/* Begin PBXTargetDependency section */
		4346EFB61BD9799F0066CD46 /* PBXTargetDependency */ = {
			isa = PBXTargetDependency;
			target = 4346EFA81BD9799F0066CD46 /* ArrayLoader-OSX */;
			targetProxy = 4346EFB51BD9799F0066CD46 /* PBXContainerItemProxy */;
		};
		437FDEED1BF56C7300A2A73E /* PBXTargetDependency */ = {
			isa = PBXTargetDependency;
			target = 437FDEE01BF56C7300A2A73E /* ArrayLoader-iOS */;
			targetProxy = 437FDEEC1BF56C7300A2A73E /* PBXContainerItemProxy */;
		};
/* End PBXTargetDependency section */

/* Begin XCBuildConfiguration section */
		4346EFBB1BD9799F0066CD46 /* Debug */ = {
			isa = XCBuildConfiguration;
			buildSettings = {
				ALWAYS_SEARCH_USER_PATHS = NO;
				CLANG_CXX_LANGUAGE_STANDARD = "gnu++0x";
				CLANG_CXX_LIBRARY = "libc++";
				CLANG_ENABLE_MODULES = YES;
				CLANG_ENABLE_OBJC_ARC = YES;
				CLANG_WARN_BOOL_CONVERSION = YES;
				CLANG_WARN_CONSTANT_CONVERSION = YES;
				CLANG_WARN_DIRECT_OBJC_ISA_USAGE = YES_ERROR;
				CLANG_WARN_EMPTY_BODY = YES;
				CLANG_WARN_ENUM_CONVERSION = YES;
				CLANG_WARN_INT_CONVERSION = YES;
				CLANG_WARN_OBJC_ROOT_CLASS = YES_ERROR;
				CLANG_WARN_UNREACHABLE_CODE = YES;
				CLANG_WARN__DUPLICATE_METHOD_MATCH = YES;
				CODE_SIGN_IDENTITY = "-";
				COPY_PHASE_STRIP = NO;
				CURRENT_PROJECT_VERSION = 1;
				DEBUG_INFORMATION_FORMAT = dwarf;
				ENABLE_STRICT_OBJC_MSGSEND = YES;
				ENABLE_TESTABILITY = YES;
				GCC_C_LANGUAGE_STANDARD = gnu99;
				GCC_DYNAMIC_NO_PIC = NO;
				GCC_NO_COMMON_BLOCKS = YES;
				GCC_OPTIMIZATION_LEVEL = 0;
				GCC_PREPROCESSOR_DEFINITIONS = (
					"DEBUG=1",
					"$(inherited)",
				);
				GCC_WARN_64_TO_32_BIT_CONVERSION = YES;
				GCC_WARN_ABOUT_RETURN_TYPE = YES_ERROR;
				GCC_WARN_UNDECLARED_SELECTOR = YES;
				GCC_WARN_UNINITIALIZED_AUTOS = YES_AGGRESSIVE;
				GCC_WARN_UNUSED_FUNCTION = YES;
				GCC_WARN_UNUSED_VARIABLE = YES;
				MACOSX_DEPLOYMENT_TARGET = 10.11;
				MTL_ENABLE_DEBUG_INFO = YES;
				ONLY_ACTIVE_ARCH = YES;
				SDKROOT = macosx;
				SWIFT_OPTIMIZATION_LEVEL = "-Onone";
				VERSIONING_SYSTEM = "apple-generic";
				VERSION_INFO_PREFIX = "";
			};
			name = Debug;
		};
		4346EFBC1BD9799F0066CD46 /* Release */ = {
			isa = XCBuildConfiguration;
			buildSettings = {
				ALWAYS_SEARCH_USER_PATHS = NO;
				CLANG_CXX_LANGUAGE_STANDARD = "gnu++0x";
				CLANG_CXX_LIBRARY = "libc++";
				CLANG_ENABLE_MODULES = YES;
				CLANG_ENABLE_OBJC_ARC = YES;
				CLANG_WARN_BOOL_CONVERSION = YES;
				CLANG_WARN_CONSTANT_CONVERSION = YES;
				CLANG_WARN_DIRECT_OBJC_ISA_USAGE = YES_ERROR;
				CLANG_WARN_EMPTY_BODY = YES;
				CLANG_WARN_ENUM_CONVERSION = YES;
				CLANG_WARN_INT_CONVERSION = YES;
				CLANG_WARN_OBJC_ROOT_CLASS = YES_ERROR;
				CLANG_WARN_UNREACHABLE_CODE = YES;
				CLANG_WARN__DUPLICATE_METHOD_MATCH = YES;
				CODE_SIGN_IDENTITY = "-";
				COPY_PHASE_STRIP = NO;
				CURRENT_PROJECT_VERSION = 1;
				DEBUG_INFORMATION_FORMAT = "dwarf-with-dsym";
				ENABLE_NS_ASSERTIONS = NO;
				ENABLE_STRICT_OBJC_MSGSEND = YES;
				GCC_C_LANGUAGE_STANDARD = gnu99;
				GCC_NO_COMMON_BLOCKS = YES;
				GCC_WARN_64_TO_32_BIT_CONVERSION = YES;
				GCC_WARN_ABOUT_RETURN_TYPE = YES_ERROR;
				GCC_WARN_UNDECLARED_SELECTOR = YES;
				GCC_WARN_UNINITIALIZED_AUTOS = YES_AGGRESSIVE;
				GCC_WARN_UNUSED_FUNCTION = YES;
				GCC_WARN_UNUSED_VARIABLE = YES;
				MACOSX_DEPLOYMENT_TARGET = 10.11;
				MTL_ENABLE_DEBUG_INFO = NO;
				SDKROOT = macosx;
				VERSIONING_SYSTEM = "apple-generic";
				VERSION_INFO_PREFIX = "";
			};
			name = Release;
		};
		4346EFBE1BD9799F0066CD46 /* Debug */ = {
			isa = XCBuildConfiguration;
			buildSettings = {
				CLANG_ENABLE_MODULES = YES;
				CODE_SIGN_IDENTITY = "";
				COMBINE_HIDPI_IMAGES = YES;
				DEFINES_MODULE = YES;
				DYLIB_COMPATIBILITY_VERSION = 1;
				DYLIB_CURRENT_VERSION = 1;
				DYLIB_INSTALL_NAME_BASE = "@rpath";
				FRAMEWORK_SEARCH_PATHS = (
					"$(inherited)",
					"$(PROJECT_DIR)/Carthage/Build/Mac",
				);
				FRAMEWORK_VERSION = A;
				INFOPLIST_FILE = ArrayLoader/Info.plist;
				INSTALL_PATH = "$(LOCAL_LIBRARY_DIR)/Frameworks";
				LD_RUNPATH_SEARCH_PATHS = "$(inherited) @executable_path/../Frameworks @loader_path/Frameworks";
				PRODUCT_BUNDLE_IDENTIFIER = com.natestedman.ArrayLoader;
				PRODUCT_NAME = ArrayLoader;
				SKIP_INSTALL = YES;
				SWIFT_OPTIMIZATION_LEVEL = "-Onone";
			};
			name = Debug;
		};
		4346EFBF1BD9799F0066CD46 /* Release */ = {
			isa = XCBuildConfiguration;
			buildSettings = {
				CLANG_ENABLE_MODULES = YES;
				CODE_SIGN_IDENTITY = "";
				COMBINE_HIDPI_IMAGES = YES;
				DEFINES_MODULE = YES;
				DYLIB_COMPATIBILITY_VERSION = 1;
				DYLIB_CURRENT_VERSION = 1;
				DYLIB_INSTALL_NAME_BASE = "@rpath";
				FRAMEWORK_SEARCH_PATHS = (
					"$(inherited)",
					"$(PROJECT_DIR)/Carthage/Build/Mac",
				);
				FRAMEWORK_VERSION = A;
				INFOPLIST_FILE = ArrayLoader/Info.plist;
				INSTALL_PATH = "$(LOCAL_LIBRARY_DIR)/Frameworks";
				LD_RUNPATH_SEARCH_PATHS = "$(inherited) @executable_path/../Frameworks @loader_path/Frameworks";
				PRODUCT_BUNDLE_IDENTIFIER = com.natestedman.ArrayLoader;
				PRODUCT_NAME = ArrayLoader;
				SKIP_INSTALL = YES;
			};
			name = Release;
		};
		4346EFC11BD9799F0066CD46 /* Debug */ = {
			isa = XCBuildConfiguration;
			buildSettings = {
				CLANG_ENABLE_MODULES = YES;
				COMBINE_HIDPI_IMAGES = YES;
				EMBEDDED_CONTENT_CONTAINS_SWIFT = YES;
				FRAMEWORK_SEARCH_PATHS = (
					"$(inherited)",
					"$(PROJECT_DIR)/Carthage/Build/Mac",
				);
				INFOPLIST_FILE = ArrayLoaderTests/Info.plist;
				LD_RUNPATH_SEARCH_PATHS = "$(inherited) @executable_path/../Frameworks @loader_path/../Frameworks";
				PRODUCT_BUNDLE_IDENTIFIER = com.natestedman.ArrayLoaderTests;
				PRODUCT_NAME = "$(TARGET_NAME)";
				SWIFT_OPTIMIZATION_LEVEL = "-Onone";
			};
			name = Debug;
		};
		4346EFC21BD9799F0066CD46 /* Release */ = {
			isa = XCBuildConfiguration;
			buildSettings = {
				CLANG_ENABLE_MODULES = YES;
				COMBINE_HIDPI_IMAGES = YES;
				EMBEDDED_CONTENT_CONTAINS_SWIFT = YES;
				FRAMEWORK_SEARCH_PATHS = (
					"$(inherited)",
					"$(PROJECT_DIR)/Carthage/Build/Mac",
				);
				INFOPLIST_FILE = ArrayLoaderTests/Info.plist;
				LD_RUNPATH_SEARCH_PATHS = "$(inherited) @executable_path/../Frameworks @loader_path/../Frameworks";
				PRODUCT_BUNDLE_IDENTIFIER = com.natestedman.ArrayLoaderTests;
				PRODUCT_NAME = "$(TARGET_NAME)";
			};
			name = Release;
		};
		437FDEF21BF56C7400A2A73E /* Debug */ = {
			isa = XCBuildConfiguration;
			buildSettings = {
				CODE_SIGN_IDENTITY = "iPhone Developer";
				"CODE_SIGN_IDENTITY[sdk=iphoneos*]" = "iPhone Developer";
				DEFINES_MODULE = YES;
				DYLIB_COMPATIBILITY_VERSION = 1;
				DYLIB_CURRENT_VERSION = 1;
				DYLIB_INSTALL_NAME_BASE = "@rpath";
				FRAMEWORK_SEARCH_PATHS = (
					"$(inherited)",
					"$(PROJECT_DIR)/Carthage/Build/iOS",
				);
				INFOPLIST_FILE = ArrayLoader/Info.plist;
				INSTALL_PATH = "$(LOCAL_LIBRARY_DIR)/Frameworks";
				IPHONEOS_DEPLOYMENT_TARGET = 9.1;
				LD_RUNPATH_SEARCH_PATHS = "$(inherited) @executable_path/Frameworks @loader_path/Frameworks";
				PRODUCT_BUNDLE_IDENTIFIER = com.natestedman.ArrayLoader;
				PRODUCT_NAME = ArrayLoader;
				SDKROOT = iphoneos;
				SKIP_INSTALL = YES;
				TARGETED_DEVICE_FAMILY = "1,2";
			};
			name = Debug;
		};
		437FDEF31BF56C7400A2A73E /* Release */ = {
			isa = XCBuildConfiguration;
			buildSettings = {
				CODE_SIGN_IDENTITY = "iPhone Developer";
				"CODE_SIGN_IDENTITY[sdk=iphoneos*]" = "iPhone Developer";
				DEFINES_MODULE = YES;
				DYLIB_COMPATIBILITY_VERSION = 1;
				DYLIB_CURRENT_VERSION = 1;
				DYLIB_INSTALL_NAME_BASE = "@rpath";
				FRAMEWORK_SEARCH_PATHS = (
					"$(inherited)",
					"$(PROJECT_DIR)/Carthage/Build/iOS",
				);
				INFOPLIST_FILE = ArrayLoader/Info.plist;
				INSTALL_PATH = "$(LOCAL_LIBRARY_DIR)/Frameworks";
				IPHONEOS_DEPLOYMENT_TARGET = 9.1;
				LD_RUNPATH_SEARCH_PATHS = "$(inherited) @executable_path/Frameworks @loader_path/Frameworks";
				PRODUCT_BUNDLE_IDENTIFIER = com.natestedman.ArrayLoader;
				PRODUCT_NAME = ArrayLoader;
				SDKROOT = iphoneos;
				SKIP_INSTALL = YES;
				TARGETED_DEVICE_FAMILY = "1,2";
				VALIDATE_PRODUCT = YES;
			};
			name = Release;
		};
		437FDEF41BF56C7400A2A73E /* Debug */ = {
			isa = XCBuildConfiguration;
			buildSettings = {
				CODE_SIGN_IDENTITY = "iPhone Developer";
				"CODE_SIGN_IDENTITY[sdk=iphoneos*]" = "iPhone Developer";
				FRAMEWORK_SEARCH_PATHS = (
					"$(inherited)",
					"$(PROJECT_DIR)/Carthage/Build/iOS",
				);
				INFOPLIST_FILE = ArrayLoaderTests/Info.plist;
				IPHONEOS_DEPLOYMENT_TARGET = 9.1;
				LD_RUNPATH_SEARCH_PATHS = "$(inherited) @executable_path/Frameworks @loader_path/Frameworks";
				PRODUCT_BUNDLE_IDENTIFIER = com.natestedman.ArrayLoaderTests;
				PRODUCT_NAME = "$(TARGET_NAME)";
				SDKROOT = iphoneos;
			};
			name = Debug;
		};
		437FDEF51BF56C7400A2A73E /* Release */ = {
			isa = XCBuildConfiguration;
			buildSettings = {
				CODE_SIGN_IDENTITY = "iPhone Developer";
				"CODE_SIGN_IDENTITY[sdk=iphoneos*]" = "iPhone Developer";
				FRAMEWORK_SEARCH_PATHS = (
					"$(inherited)",
					"$(PROJECT_DIR)/Carthage/Build/iOS",
				);
				INFOPLIST_FILE = ArrayLoaderTests/Info.plist;
				IPHONEOS_DEPLOYMENT_TARGET = 9.1;
				LD_RUNPATH_SEARCH_PATHS = "$(inherited) @executable_path/Frameworks @loader_path/Frameworks";
				PRODUCT_BUNDLE_IDENTIFIER = com.natestedman.ArrayLoaderTests;
				PRODUCT_NAME = "$(TARGET_NAME)";
				SDKROOT = iphoneos;
				VALIDATE_PRODUCT = YES;
			};
			name = Release;
		};
/* End XCBuildConfiguration section */

/* Begin XCConfigurationList section */
		4346EFA31BD9799F0066CD46 /* Build configuration list for PBXProject "ArrayLoader" */ = {
			isa = XCConfigurationList;
			buildConfigurations = (
				4346EFBB1BD9799F0066CD46 /* Debug */,
				4346EFBC1BD9799F0066CD46 /* Release */,
			);
			defaultConfigurationIsVisible = 0;
			defaultConfigurationName = Release;
		};
		4346EFBD1BD9799F0066CD46 /* Build configuration list for PBXNativeTarget "ArrayLoader-OSX" */ = {
			isa = XCConfigurationList;
			buildConfigurations = (
				4346EFBE1BD9799F0066CD46 /* Debug */,
				4346EFBF1BD9799F0066CD46 /* Release */,
			);
			defaultConfigurationIsVisible = 0;
			defaultConfigurationName = Release;
		};
		4346EFC01BD9799F0066CD46 /* Build configuration list for PBXNativeTarget "ArrayLoader-OSXTests" */ = {
			isa = XCConfigurationList;
			buildConfigurations = (
				4346EFC11BD9799F0066CD46 /* Debug */,
				4346EFC21BD9799F0066CD46 /* Release */,
			);
			defaultConfigurationIsVisible = 0;
			defaultConfigurationName = Release;
		};
		437FDEF61BF56C7400A2A73E /* Build configuration list for PBXNativeTarget "ArrayLoader-iOS" */ = {
			isa = XCConfigurationList;
			buildConfigurations = (
				437FDEF21BF56C7400A2A73E /* Debug */,
				437FDEF31BF56C7400A2A73E /* Release */,
			);
			defaultConfigurationIsVisible = 0;
			defaultConfigurationName = Release;
		};
		437FDEF71BF56C7400A2A73E /* Build configuration list for PBXNativeTarget "ArrayLoader-iOSTests" */ = {
			isa = XCConfigurationList;
			buildConfigurations = (
				437FDEF41BF56C7400A2A73E /* Debug */,
				437FDEF51BF56C7400A2A73E /* Release */,
			);
			defaultConfigurationIsVisible = 0;
			defaultConfigurationName = Release;
		};
/* End XCConfigurationList section */
	};
	rootObject = 4346EFA01BD9799F0066CD46 /* Project object */;
}
